<?xml version="1.0" encoding="utf-8"?>
<Project ToolsVersion="4.0" xmlns="http://schemas.microsoft.com/developer/msbuild/2003">
  <ItemGroup>
    <Filter Include="01 Platform">
      <UniqueIdentifier>{8046B589-39BD-4E4E-9108-00EF19B51EF0}</UniqueIdentifier>
    </Filter>
    <Filter Include="02 Framework">
      <UniqueIdentifier>{A84B0AD4-C6D2-44F8-9CD4-E28FDE8BBA50}</UniqueIdentifier>
    </Filter>
    <Filter Include="02 Framework\Object Classes">
      <UniqueIdentifier>{817B7E88-C389-43EF-A9F1-17D9A1BED102}</UniqueIdentifier>
    </Filter>
    <Filter Include="02 Framework\Physics">
      <UniqueIdentifier>{60A6B6F5-ED16-4E78-908C-772A70A54FA2}</UniqueIdentifier>
    </Filter>
    <Filter Include="02 Framework\Player">
      <UniqueIdentifier>{657B652F-E53F-4C7C-BE89-4BA5B5B58C89}</UniqueIdentifier>
    </Filter>
    <Filter Include="03 Scenes">
      <UniqueIdentifier>{E1A8B9F0-F53B-457C-A552-03F9C999F188}</UniqueIdentifier>
    </Filter>
    <Filter Include="04 Rendering">
      <UniqueIdentifier>{05238B26-6A9F-4386-96D9-9CF6ED0E9094}</UniqueIdentifier>
    </Filter>
    <Filter Include="05 Shaders">
      <UniqueIdentifier>{64D76DD5-E094-483A-B5A4-D443680B9B11}</UniqueIdentifier>
    </Filter>
    <Filter Include="06 Models">
      <UniqueIdentifier>{51898002-8B3F-4D04-A4DB-3167266A82EE}</UniqueIdentifier>
    </Filter>
    <Filter Include="06 Models\Concept Art">
      <UniqueIdentifier>{38F4D889-5C92-43DD-9CD7-BF99DB4C5A70}</UniqueIdentifier>
    </Filter>
    <Filter Include="07 Third Party">
      <UniqueIdentifier>{597911C6-3062-49AC-8A37-755EF3877B0B}</UniqueIdentifier>
    </Filter>
    <Filter Include="08 Documents">
      <UniqueIdentifier>{F027755A-66B1-4E6C-965B-E1E4A708BE6C}</UniqueIdentifier>
    </Filter>
    <Filter Include="09 Tools">
      <UniqueIdentifier>{771B23C8-4097-4B36-B4BB-A0790B15E936}</UniqueIdentifier>
    </Filter>
    <Filter Include="04 Rendering\Lighting">
      <UniqueIdentifier>{B512F514-34E8-4FF7-A34B-CE84F195EB0A}</UniqueIdentifier>
    </Filter>
    <Filter Include="04 Rendering\Biology">
      <UniqueIdentifier>{A7A8FC99-6187-49D3-A2A4-FA9CE036AD84}</UniqueIdentifier>
    </Filter>
    <Filter Include="10 ImGui">
      <UniqueIdentifier>{F6864046-0BFC-44F8-BF5E-42DCC6334CE7}</UniqueIdentifier>
    </Filter>
  </ItemGroup>
  <ItemGroup>
    <ClCompile Include="src\main.cpp">
      <Filter>01 Platform</Filter>
    </ClCompile>
    <ClCompile Include="src\D3D11App.cpp">
      <Filter>01 Platform</Filter>
    </ClCompile>
    <ClCompile Include="src\framework\input.cpp">
      <Filter>02 Framework</Filter>
    </ClCompile>
    <ClCompile Include="src\framework\manager.cpp">
      <Filter>02 Framework</Filter>
    </ClCompile>
    <ClCompile Include="src\framework\renderer.cpp">
      <Filter>02 Framework</Filter>
    </ClCompile>
    <ClCompile Include="src\framework\gameObject.cpp">
      <Filter>02 Framework\Object Classes</Filter>
    </ClCompile>
    <ClCompile Include="src\framework\ObjectWorld.cpp">
      <Filter>02 Framework\Object Classes</Filter>
    </ClCompile>
    <ClCompile Include="src\physics\CollisionWorld.cpp">
      <Filter>02 Framework\Physics</Filter>
    </ClCompile>
    <ClCompile Include="src\player\PlayerManager.cpp">
      <Filter>02 Framework\Player</Filter>
    </ClCompile>
    <ClCompile Include="src\scenes\AquariumScene.cpp">
      <Filter>03 Scenes</Filter>
    </ClCompile>
    <ClCompile Include="src\rendering\BeachPreviewRenderer.cpp">
      <Filter>04 Rendering</Filter>
    </ClCompile>
    <ClCompile Include="src\rendering\ExitPortalRenderer.cpp">
      <Filter>04 Rendering</Filter>
    </ClCompile>
    <ClCompile Include="src\story\TerraceConversation.cpp">
      <Filter>03 Scenes</Filter>
    </ClCompile>
    <ClCompile Include="src\story\ArchChase.cpp">
      <Filter>03 Scenes</Filter>
    </ClCompile>
    <ClCompile Include="src\story\PowerOutage.cpp">
      <Filter>03 Scenes</Filter>
    </ClCompile>
    <ClCompile Include="src\story\TankLightingConsole.cpp">
      <Filter>03 Scenes</Filter>
    </ClCompile>
    <ClCompile Include="src\rendering\AquariumRenderer.cpp">
      <Filter>04 Rendering</Filter>
    </ClCompile>
    <ClCompile Include="src\rendering\JellyfishRenderer.cpp">
      <Filter>04 Rendering</Filter>
    </ClCompile>
    <ClCompile Include="src\rendering\FishRenderer.cpp">
      <Filter>04 Rendering\Biology</Filter>
    </ClCompile>
    <ClCompile Include="src\rendering\StageModel.cpp">
      <Filter>04 Rendering</Filter>
    </ClCompile>
    <ClCompile Include="src\imgui\LightingEditor.cpp">
      <Filter>10 ImGui</Filter>
    </ClCompile>
    <ClCompile Include="third_party\imgui\imgui.cpp">
      <Filter>07 Third Party</Filter>
    </ClCompile>
    <ClCompile Include="third_party\imgui\imgui_draw.cpp">
      <Filter>07 Third Party</Filter>
    </ClCompile>
    <ClCompile Include="third_party\imgui\imgui_tables.cpp">
      <Filter>07 Third Party</Filter>
    </ClCompile>
    <ClCompile Include="third_party\imgui\imgui_widgets.cpp">
      <Filter>07 Third Party</Filter>
    </ClCompile>
    <ClCompile Include="third_party\imgui\imgui_impl_dx11.cpp">
      <Filter>07 Third Party</Filter>
    </ClCompile>
    <ClCompile Include="third_party\imgui\imgui_impl_win32.cpp">
      <Filter>07 Third Party</Filter>
    </ClCompile>
    <ClCompile Include="src\player\SaveSystem.cpp" />
  </ItemGroup>
  <ItemGroup>
    <ClInclude Include="src\main.h">
      <Filter>01 Platform</Filter>
    </ClInclude>
    <ClInclude Include="src\D3D11App.h">
      <Filter>01 Platform</Filter>
    </ClInclude>
    <ClInclude Include="src\imgui\LightingEditor.h">
      <Filter>10 ImGui</Filter>
    </ClInclude>
    <ClInclude Include="src\lighting\HeroTankLighting.h">
      <Filter>04 Rendering\Lighting</Filter>
    </ClInclude>
    <ClInclude Include="src\lighting\LocalLight.h">
      <Filter>04 Rendering\Lighting</Filter>
    </ClInclude>
    <ClInclude Include="src\rendering\AdaptiveResolution.h">
      <Filter>04 Rendering</Filter>
    </ClInclude>
    <ClInclude Include="third_party\imgui\imgui.h">
      <Filter>07 Third Party</Filter>
    </ClInclude>
    <ClInclude Include="third_party\imgui\imgui_internal.h">
      <Filter>07 Third Party</Filter>
    </ClInclude>
    <ClInclude Include="third_party\imgui\imgui_impl_dx11.h">
      <Filter>07 Third Party</Filter>
    </ClInclude>
    <ClInclude Include="third_party\imgui\imgui_impl_win32.h">
      <Filter>07 Third Party</Filter>
    </ClInclude>
    <ClInclude Include="src\framework\FrameContext.h">
      <Filter>02 Framework</Filter>
    </ClInclude>
    <ClInclude Include="src\framework\input.h">
      <Filter>02 Framework</Filter>
    </ClInclude>
    <ClInclude Include="src\framework\manager.h">
      <Filter>02 Framework</Filter>
    </ClInclude>
    <ClInclude Include="src\framework\renderer.h">
      <Filter>02 Framework</Filter>
    </ClInclude>
    <ClInclude Include="src\framework\RenderContext.h">
      <Filter>02 Framework</Filter>
    </ClInclude>
    <ClInclude Include="src\framework\scene.h">
      <Filter>02 Framework</Filter>
    </ClInclude>
    <ClInclude Include="src\framework\component.h">
      <Filter>02 Framework\Object Classes</Filter>
    </ClInclude>
    <ClInclude Include="src\framework\gameObject.h">
      <Filter>02 Framework\Object Classes</Filter>
    </ClInclude>
    <ClInclude Include="src\framework\ObjectWorld.h">
      <Filter>02 Framework\Object Classes</Filter>
    </ClInclude>
    <ClInclude Include="src\physics\CollisionWorld.h">
      <Filter>02 Framework\Physics</Filter>
    </ClInclude>
    <ClInclude Include="src\player\PlayerManager.h">
      <Filter>02 Framework\Player</Filter>
    </ClInclude>
    <ClInclude Include="src\player\TerraceDoor.h">
      <Filter>02 Framework\Player</Filter>
    </ClInclude>
    <ClInclude Include="src\scenes\AquariumScene.h">
      <Filter>03 Scenes</Filter>
    </ClInclude>
    <ClInclude Include="src\story\TerraceConversation.h">
      <Filter>03 Scenes</Filter>
    </ClInclude>
    <ClInclude Include="src\story\ArchChase.h">
      <Filter>03 Scenes</Filter>
    </ClInclude>
    <ClInclude Include="src\story\ArchGeometry.h">
      <Filter>03 Scenes</Filter>
    </ClInclude>
    <ClInclude Include="src\story\PowerOutage.h">
      <Filter>03 Scenes</Filter>
    </ClInclude>
    <ClInclude Include="src\story\TankLightingConsole.h">
      <Filter>03 Scenes</Filter>
    </ClInclude>
    <ClInclude Include="src\rendering\AquariumRenderer.h">
      <Filter>04 Rendering</Filter>
    </ClInclude>
    <ClInclude Include="src\rendering\BeachPreviewRenderer.h">
      <Filter>04 Rendering</Filter>
    </ClInclude>
    <ClInclude Include="src\rendering\ExitPortalRenderer.h">
      <Filter>04 Rendering</Filter>
    </ClInclude>
    <ClInclude Include="src\rendering\JellyfishRenderer.h">
      <Filter>04 Rendering</Filter>
    </ClInclude>
    <ClInclude Include="src\rendering\FishRenderer.h">
      <Filter>04 Rendering\Biology</Filter>
    </ClInclude>
    <ClInclude Include="src\generated\GameLayoutV3Generated.h">
      <Filter>03 Scenes</Filter>
    </ClInclude>
    <ClInclude Include="src\generated\ReceptionLobbyGenerated.h">
      <Filter>03 Scenes</Filter>
    </ClInclude>
    <ClInclude Include="src\generated\JellyBasementGenerated.h">
      <Filter>03 Scenes</Filter>
    </ClInclude>
    <ClInclude Include="src\rendering\StageModel.h">
      <Filter>04 Rendering</Filter>
    </ClInclude>
    <ClInclude Include="third_party\cgltf\cgltf.h">
      <Filter>07 Third Party</Filter>
    </ClInclude>
    <ClInclude Include="src\player\SaveSystem.h" />
  </ItemGroup>
  <ItemGroup>
    <None Include="shaders\AquariumFroxel.hlsl">
      <Filter>05 Shaders</Filter>
    </None>
    <None Include="shaders\AquariumPrototype.hlsl">
      <Filter>05 Shaders</Filter>
    </None>
    <None Include="shaders\BeachPreview.hlsl">
      <Filter>05 Shaders</Filter>
    </None>
    <None Include="shaders\ExitPortal.hlsl">
      <Filter>05 Shaders</Filter>
    </None>
    <None Include="shaders\Stage.hlsl">
      <Filter>05 Shaders</Filter>
    </None>
    <None Include="shaders\Jellyfish.hlsl">
      <Filter>05 Shaders</Filter>
    </None>
    <None Include="shaders\Fish.hlsl">
      <Filter>05 Shaders</Filter>
    </None>
    <None Include="asset\model\map.glb">
      <Filter>06 Models</Filter>
    </None>
    <None Include="asset\model\aquarium_greybox.glb">
      <Filter>06 Models</Filter>
    </None>
    <None Include="asset\model\aquarium_route_01_02.glb">
      <Filter>06 Models</Filter>
    </None>
    <None Include="asset\model\aquarium_underwater_arch.glb">
      <Filter>06 Models</Filter>
    </None>
    <None Include="asset\model\aquarium_watatsumi_hall.glb">
      <Filter>06 Models</Filter>
    </None>
    <None Include="asset\model\aquarium_continuous_shell.glb">
      <Filter>06 Models</Filter>
    </None>
    <None Include="asset\model\aquarium_game_layout_v3.glb">
      <Filter>06 Models</Filter>
    </None>
    <None Include="asset\model\aquarium_reception_lobby.glb">
      <Filter>06 Models</Filter>
    </None>
    <None Include="asset\model\tree.glb">
      <Filter>06 Models</Filter>
    </None>
    <None Include="third_party\cgltf\LICENSE">
      <Filter>07 Third Party</Filter>
    </None>
    <None Include="shaders\lighting\LocalLighting.hlsli">
      <Filter>05 Shaders</Filter>
    </None>
    <None Include="third_party\imgui\LICENSE.txt">
      <Filter>07 Third Party</Filter>
    </None>
    <None Include="tools\generate_aquarium_greybox.py">
      <Filter>09 Tools</Filter>
    </None>
    <None Include="tools\generate_route_01_02.py">
      <Filter>09 Tools</Filter>
    </None>
    <None Include="tools\generate_underwater_arch.py">
      <Filter>09 Tools</Filter>
    </None>
    <None Include="tools\generate_watatsumi_hall.py">
      <Filter>09 Tools</Filter>
    </None>
    <None Include="tools\generate_continuous_aquarium.py">
      <Filter>09 Tools</Filter>
    </None>
    <None Include="tools\validate_continuous_aquarium.py">
      <Filter>09 Tools</Filter>
    </None>
    <None Include="tools\validate_aquarium_collision_layout.py">
      <Filter>09 Tools</Filter>
    </None>
    <None Include="tools\validate_fish_schooling.py">
      <Filter>09 Tools</Filter>
    </None>
    <None Include="tools\generate_game_layout_v3.py">
      <Filter>09 Tools</Filter>
    </None>
    <None Include="tools\validate_game_layout_v3.py">
      <Filter>09 Tools</Filter>
    </None>
    <None Include="tools\generate_reception_lobby.py">
      <Filter>09 Tools</Filter>
    </None>
    <None Include="tools\upper_doors.py">
      <Filter>09 Tools</Filter>
    </None>
    <None Include="tools\generate_jelly_basement.py">
      <Filter>09 Tools</Filter>
    </None>
    <None Include="tools\validate_reception_lobby.py">
      <Filter>09 Tools</Filter>
    </None>
    <None Include="tools\capture_runtime_view.ps1">
      <Filter>09 Tools</Filter>
    </None>
    <None Include="tools\generate_aquarium_floorplan_v2.py">
      <Filter>09 Tools</Filter>
    </None>
    <None Include="tools\generate_aquarium_floorplan_v3.py">
      <Filter>09 Tools</Filter>
    </None>
    <None Include="tools\generate_aquarium_floorplan_v4.py">
      <Filter>09 Tools</Filter>
    </None>
    <None Include="tools\generate_aquarium_floorplan_v5.py">
      <Filter>09 Tools</Filter>
    </None>
    <None Include="tools\generate_aquarium_area_detail_v1.py">
      <Filter>09 Tools</Filter>
    </None>
    <None Include="shaders\lighting\Flashlight.hlsli" />
    <None Include="asset\model\aquarium_jelly_basement.glb" />
    <None Include="asset\model\anglerfish.glb" />
    <None Include="tools\validate_jelly_basement.py" />
    <None Include="asset\story\terrace_hint_before.dialogue" />
    <None Include="asset\story\terrace_hint_after.dialogue" />
    <None Include="asset\story\terrace_gossip.dialogue" />
    <None Include="asset\story\terrace_rest.dialogue" />
    <None Include="asset\story\terrace_hint_none.dialogue" />
    <None Include="asset\story\arch_stagnation.dialogue" />
    <None Include="asset\story\arch_creak.dialogue" />
    <None Include="asset\story\arch_escape.dialogue" />
    <None Include="asset\story\blackout.dialogue" />
    <None Include="tools\test_power_outage.cpp" />
    <None Include="tools\render_blackout_probe.cpp" />
    <None Include="tools\render_beach_probe.cpp" />
    <None Include="asset\story\inwater_intro.dialogue">
      <Filter>11 Story</Filter>
    </None>
  </ItemGroup>
  <ItemGroup>
    <Filter Include="11 Story" />
    <ClInclude Include="src\story\OpeningFlow.h">
      <Filter>11 Story</Filter>
    </ClInclude>
    <None Include="asset\story\opening.camera">
      <Filter>11 Story</Filter>
    </None>
    <None Include="asset\story\opening.dialogue">
      <Filter>11 Story</Filter>
    </None>
    <None Include="asset\story\exit.dialogue">
      <Filter>11 Story</Filter>
    </None>
    <ClInclude Include="src\player\InteractionUI.h">
      <Filter>02 Framework\Player</Filter>
    </ClInclude>
    <ClInclude Include="src\player\MiniMap.h">
      <Filter>02 Framework\Player</Filter>
    </ClInclude>
    <None Include="asset\story\minimap.goals">
      <Filter>11 Story</Filter>
    </None>
    <None Include="asset\font\cinecaption226.ttf">
      <Filter>11 Story</Filter>
    </None>
    <None Include="asset\font\license-original.txt">
      <Filter>11 Story</Filter>
    </None>
    <None Include="TECHNICAL_NOTES.md">
      <Filter>08 Documents</Filter>
    </None>
    <None Include="tools\test_opening_flow.cpp">
      <Filter>09 Tools</Filter>
    </None>
    <None Include="tools\test_minimap.cpp">
      <Filter>09 Tools</Filter>
    </None>
    <None Include="tools\organize_project.ps1">
      <Filter>09 Tools</Filter>
    </None>
    <ClCompile Include="src\story\StoryTexture.cpp">
      <Filter>11 Story</Filter>
    </ClCompile>
    <ClCompile Include="src\story\PortraitLibrary.cpp">
      <Filter>11 Story</Filter>
    </ClCompile>
    <ClCompile Include="src\story\StoryFlowEditor.cpp">
      <Filter>11 Story</Filter>
    </ClCompile>
    <ClCompile Include="src\story\EndingSequence.cpp">
      <Filter>11 Story</Filter>
    </ClCompile>
    <ClCompile Include="src\story\HeroineEncounter.cpp">
      <Filter>11 Story</Filter>
    </ClCompile>
    <ClCompile Include="src\story\DialoguePlayer.cpp">
      <Filter>11 Story</Filter>
    </ClCompile>
    <ClCompile Include="src\story\PasswordLock.cpp">
      <Filter>11 Story</Filter>
    </ClCompile>
    <ClCompile Include="src\player\GameMenu.cpp">
      <Filter>02 Framework\Player</Filter>
    </ClCompile>
    <ClCompile Include="src\audio\SoundEffects.cpp">
      <Filter>02 Framework</Filter>
    </ClCompile>
    <ClCompile Include="src\audio\BackgroundMusic.cpp">
      <Filter>02 Framework</Filter>
    </ClCompile>
    <ClInclude Include="src\story\StoryTexture.h">
      <Filter>11 Story</Filter>
    </ClInclude>
    <ClInclude Include="src\story\PortraitLibrary.h">
      <Filter>11 Story</Filter>
    </ClInclude>
    <ClInclude Include="src\story\PortraitPresentation.h">
      <Filter>11 Story</Filter>
    </ClInclude>
    <ClInclude Include="src\story\DialogueTextCodec.h">
      <Filter>11 Story</Filter>
    </ClInclude>
    <ClInclude Include="src\story\StoryFlowEditor.h">
      <Filter>11 Story</Filter>
    </ClInclude>
    <ClInclude Include="src\story\EndingSequence.h">
      <Filter>11 Story</Filter>
    </ClInclude>
    <ClInclude Include="src\story\HeroineEncounter.h">
      <Filter>11 Story</Filter>
    </ClInclude>
    <ClInclude Include="src\story\DialoguePlayer.h">
      <Filter>11 Story</Filter>
    </ClInclude>
    <ClInclude Include="src\story\PasswordLock.h">
      <Filter>11 Story</Filter>
    </ClInclude>
    <ClInclude Include="src\player\GameMenu.h">
      <Filter>02 Framework\Player</Filter>
    </ClInclude>
    <ClInclude Include="src\audio\SoundEffects.h">
      <Filter>02 Framework</Filter>
    </ClInclude>
    <ClInclude Include="src\audio\BackgroundMusic.h">
      <Filter>02 Framework</Filter>
    </ClInclude>
    <ClInclude Include="src\rendering\TextureUpload.h">
      <Filter>02 Framework</Filter>
    </ClInclude>
    <ClInclude Include="src\rendering\ScreenFade.h">
      <Filter>02 Framework</Filter>
    </ClInclude>
    <None Include="asset\story\power_restored.dialogue">
      <Filter>11 Story</Filter>
    </None>
    <None Include="asset\story\story_flow.cfg">
      <Filter>11 Story</Filter>
    </None>
    <None Include="asset\story\facility_started.dialogue">
      <Filter>11 Story</Filter>
    </None>
    <None Include="asset\story\beach_arrival.dialogue">
      <Filter>11 Story</Filter>
    </None>
    <None Include="asset\story\beach_seated.dialogue">
      <Filter>11 Story</Filter>
    </None>
    <None Include="asset\story\beach_stay.dialogue">
      <Filter>11 Story</Filter>
    </None>
    <None Include="asset\story\beach_stay_aftermath.dialogue">
      <Filter>11 Story</Filter>
    </None>
    <None Include="asset\story\beach_leave.dialogue">
      <Filter>11 Story</Filter>
    </None>
    <None Include="asset\story\beach_morning_wake.dialogue">
      <Filter>11 Story</Filter>
    </None>
    <None Include="asset\font\onryou.TTF">
      <Filter>11 Story</Filter>
    </None>
    <None Include="asset\sound\se\glass.mp3">
      <Filter>11 Story</Filter>
    </None>
    <None Include="asset\sound\BGM\title.wav">
      <Filter>11 Story</Filter>
    </None>
    <None Include="asset\sound\BGM\stage.wav">
      <Filter>11 Story</Filter>
    </None>
    <None Include="asset\sound\BGM\Beach.mp3">
      <Filter>11 Story</Filter>
    </None>
    <None Include="asset\story\heroine_encounter.dialogue">
      <Filter>11 Story</Filter>
    </None>
    <None Include="asset\story\clue.dialogue">
      <Filter>11 Story</Filter>
    </None>
    <None Include="asset\story\password_wrong.dialogue">
      <Filter>11 Story</Filter>
    </None>
    <None Include="asset\sound\se\select.mp3">
      <Filter>11 Story</Filter>
    </None>
    <None Include="asset\sound\se\open.mp3">
      <Filter>11 Story</Filter>
    </None>
    <None Include="asset\sound\se\miss.mp3">
      <Filter>11 Story</Filter>
    </None>
    <None Include="asset\texture\stile\HeroineEncounter_placeholder.png">
      <Filter>11 Story</Filter>
    </None>
    <None Include="asset\texture\other\nozo1.png">
      <Filter>11 Story</Filter>
    </None>
  </ItemGroup>
</Project>
